
Microsoft Visual Studio Solution File, Format Version 12.00
# Visual Studio 14
VisualStudioVersion = 14.0.25420.0
MinimumVisualStudioVersion = 10.0.40219.1
Project("{FAE04EC0-301F-11D3-BF4B-00C04F79EFBC}") = "Jim", "Jim\Jim.csproj", "{142A564B-382D-40D3-AC6D-363407F56726}"
EndProject
Project("{FAE04EC0-301F-11D3-BF4B-00C04F79EFBC}") = "Fred", "..\Fred\Fred\Fred.csproj", "{B36CAA6A-BA7C-43AF-B992-ADBF105439AA}"
EndProject
Global
	GlobalSection(SolutionConfigurationPlatforms) = preSolution
		Debug|Any CPU = Debug|Any CPU
		Debug|x64 = Debug|x64
		Debug|x86 = Debug|x86
		Release|Any CPU = Release|Any CPU
		Release|x64 = Release|x64
		Release|x86 = Release|x86
	EndGlobalSection
	GlobalSection(ProjectConfigurationPlatforms) = postSolution
		{142A564B-382D-40D3-AC6D-363407F56726}.Debug|Any CPU.ActiveCfg = Debug|Any CPU
		{142A564B-382D-40D3-AC6D-363407F56726}.Debug|Any CPU.Build.0 = Debug|Any CPU
		{142A564B-382D-40D3-AC6D-363407F56726}.Debug|x64.ActiveCfg = Debug|Any CPU
		{142A564B-382D-40D3-AC6D-363407F56726}.Debug|x64.Build.0 = Debug|Any CPU
		{142A564B-382D-40D3-AC6D-363407F56726}.Debug|x86.ActiveCfg = Debug|Any CPU
		{142A564B-382D-40D3-AC6D-363407F56726}.Debug|x86.Build.0 = Debug|Any CPU
		{142A564B-382D-40D3-AC6D-363407F56726}.Release|Any CPU.ActiveCfg = Release|Any CPU
		{142A564B-382D-40D3-AC6D-363407F56726}.Release|Any CPU.Build.0 = Release|Any CPU
		{142A564B-382D-40D3-AC6D-363407F56726}.Release|x64.ActiveCfg = Release|Any CPU
		{142A564B-382D-40D3-AC6D-363407F56726}.Release|x64.Build.0 = Release|Any CPU
		{142A564B-382D-40D3-AC6D-363407F56726}.Release|x86.ActiveCfg = Release|Any CPU
		{142A564B-382D-40D3-AC6D-363407F56726}.Release|x86.Build.0 = Release|Any CPU
		{B36CAA6A-BA7C-43AF-B992-ADBF105439AA}.Debug|Any CPU.ActiveCfg = Debug|Any CPU
		{B36CAA6A-BA7C-43AF-B992-ADBF105439AA}.Debug|Any CPU.Build.0 = Debug|Any CPU
		{B36CAA6A-BA7C-43AF-B992-ADBF105439AA}.Debug|x64.ActiveCfg = Debug|Any CPU
		{B36CAA6A-BA7C-43AF-B992-ADBF105439AA}.Debug|x64.Build.0 = Debug|Any CPU
		{B36CAA6A-BA7C-43AF-B992-ADBF105439AA}.Debug|x86.ActiveCfg = Debug|Any CPU
		{B36CAA6A-BA7C-43AF-B992-ADBF105439AA}.Debug|x86.Build.0 = Debug|Any CPU
		{B36CAA6A-BA7C-43AF-B992-ADBF105439AA}.Release|Any CPU.ActiveCfg = Release|Any CPU
		{B36CAA6A-BA7C-43AF-B992-ADBF105439AA}.Release|Any CPU.Build.0 = Release|Any CPU
		{B36CAA6A-BA7C-43AF-B992-ADBF105439AA}.Release|x64.ActiveCfg = Release|Any CPU
		{B36CAA6A-BA7C-43AF-B992-ADBF105439AA}.Release|x64.Build.0 = Release|Any CPU
		{B36CAA6A-BA7C-43AF-B992-ADBF105439AA}.Release|x86.ActiveCfg = Release|Any CPU
		{B36CAA6A-BA7C-43AF-B992-ADBF105439AA}.Release|x86.Build.0 = Release|Any CPU
	EndGlobalSection
	GlobalSection(SolutionProperties) = preSolution
		HideSolutionNode = FALSE
	EndGlobalSection
EndGlobal
